PODS:
  - MotionAnalysisCamera (0.1.0):
    - TensorFlowLiteSwift (~> 2.4.0)
  - TensorFlowLiteC (2.4.0):
    - TensorFlowLiteC/Core (= 2.4.0)
  - TensorFlowLiteC/Core (2.4.0)
  - TensorFlowLiteC/CoreML (2.4.0):
    - TensorFlowLiteC/Core
  - TensorFlowLiteC/Metal (2.4.0):
    - TensorFlowLiteC/Core
  - TensorFlowLiteSwift (2.4.0):
    - TensorFlowLiteSwift/Core (= 2.4.0)
  - TensorFlowLiteSwift/Core (2.4.0):
    - TensorFlowLiteC (= 2.4.0)
  - TensorFlowLiteSwift/CoreML (2.4.0):
    - TensorFlowLiteC/CoreML (= 2.4.0)
    - TensorFlowLiteSwift/Core (= 2.4.0)
  - TensorFlowLiteSwift/Metal (2.4.0):
    - TensorFlowLiteC/Metal (= 2.4.0)
    - TensorFlowLiteSwift/Core (= 2.4.0)

DEPENDENCIES:
  - MotionAnalysisCamera (from `../`)
  - TensorFlowLiteSwift/CoreML (~> 2.4.0)
  - TensorFlowLiteSwift/Metal (~> 2.4.0)

SPEC REPOS:
  trunk:
    - TensorFlowLiteC
    - TensorFlowLiteSwift

EXTERNAL SOURCES:
  MotionAnalysisCamera:
    :path: "../"

SPEC CHECKSUMS:
  MotionAnalysisCamera: a19c310743afdf497506f3fdb6f5f647bd158254
  TensorFlowLiteC: 09f8ac75a76caeadb19bcfa694e97454cc1ecf87
  TensorFlowLiteSwift: f062dc1178120100d825d7799fd9f115b4a37fee

PODFILE CHECKSUM: 42673614ae61d7918bf10c461f0ec9ed18d3c0d6

COCOAPODS: 1.11.3
