PODS:
  - KMLDataTypes (0.1.5)
  - MotionAnalysisCamera (0.0.2):
    - KMLDataTypes
    - TensorFlowLiteSwift/CoreML (~> 2.4.0)
    - TensorFlowLiteSwift/Metal (~> 2.4.0)
  - TensorFlowLiteC (2.4.0):
    - TensorFlowLiteC/Core (= 2.4.0)
  - TensorFlowLiteC/Core (2.4.0)
  - TensorFlowLiteC/CoreML (2.4.0):
    - TensorFlowLiteC/Core
  - TensorFlowLiteC/Metal (2.4.0):
    - TensorFlowLiteC/Core
  - TensorFlowLiteSwift/Core (2.4.0):
    - TensorFlowLiteC (= 2.4.0)
  - TensorFlowLiteSwift/CoreML (2.4.0):
    - TensorFlowLiteC/CoreML (= 2.4.0)
    - TensorFlowLiteSwift/Core (= 2.4.0)
  - TensorFlowLiteSwift/Metal (2.4.0):
    - TensorFlowLiteC/Metal (= 2.4.0)
    - TensorFlowLiteSwift/Core (= 2.4.0)

DEPENDENCIES:
  - KMLDataTypes (from `https://www.github.com/Kinetix-ML/KMLDataTypes`)
  - MotionAnalysisCamera (from `../`)
  - TensorFlowLiteSwift/CoreML (~> 2.4.0)
  - TensorFlowLiteSwift/Metal (~> 2.4.0)

SPEC REPOS:
  trunk:
    - TensorFlowLiteC
    - TensorFlowLiteSwift

EXTERNAL SOURCES:
  KMLDataTypes:
    :git: https://www.github.com/Kinetix-ML/KMLDataTypes
  MotionAnalysisCamera:
    :path: "../"

CHECKOUT OPTIONS:
  KMLDataTypes:
    :commit: b21d65558857a71c3df7965eba76802b6938928b
    :git: https://www.github.com/Kinetix-ML/KMLDataTypes

SPEC CHECKSUMS:
  KMLDataTypes: bfe8194d0c6e3273f26f83ae151d822ebdf8b60d
  MotionAnalysisCamera: 8623e2d9d099c610ceea10455c848ddb4c0b991e
  TensorFlowLiteC: 09f8ac75a76caeadb19bcfa694e97454cc1ecf87
  TensorFlowLiteSwift: f062dc1178120100d825d7799fd9f115b4a37fee

PODFILE CHECKSUM: 6cbc973245372aaedecfbc076eb945a0bd8e787d

COCOAPODS: 1.11.3
